Microsoft Visual Studio Solution File, Format Version 12.00
# Visual Studio Version 17
VisualStudioVersion = 17.5.2.0
MinimumVisualStudioVersion = 10.0.40219.1
Project("{FAE04EC0-301F-11D3-BF4B-00C04F79EFBC}") = "job-portal-api", "job-portal-api\job-portal-api.csproj", "{27168DB1-A2BD-CB7F-6248-9D164857EEFE}"
EndProject
Global
	GlobalSection(SolutionConfigurationPlatforms) = preSolution
		Debug|Any CPU = Debug|Any CPU
		Release|Any CPU = Release|Any CPU
	EndGlobalSection
	GlobalSection(ProjectConfigurationPlatforms) = postSolution
		{27168DB1-A2BD-CB7F-6248-9D164857EEFE}.Debug|Any CPU.ActiveCfg = Debug|Any CPU
		{27168DB1-A2BD-CB7F-6248-9D164857EEFE}.Debug|Any CPU.Build.0 = Debug|Any CPU
		{27168DB1-A2BD-CB7F-6248-9D164857EEFE}.Release|Any CPU.ActiveCfg = Release|Any CPU
		{27168DB1-A2BD-CB7F-6248-9D164857EEFE}.Release|Any CPU.Build.0 = Release|Any CPU
	EndGlobalSection
	GlobalSection(SolutionProperties) = preSolution
		HideSolutionNode = FALSE
	EndGlobalSection
	GlobalSection(ExtensibilityGlobals) = postSolution
		SolutionGuid = {84FC7A89-4D73-41DE-A4A2-D34475AB29FA}
	EndGlobalSection
EndGlobal
